{
  "name": "components",
  "version": "1.0.0",
  "lockfileVersion": 2,
  "requires": true,
  "packages": {
    "": {
      "name": "components",
      "version": "1.0.0",
      "license": "ISC",
      "dependencies": {
        "umtrack-wx": "^2.7.1",
        "weui-miniprogram": "^1.0.8"
      }
    },
    "node_modules/umtrack-wx": {
      "version": "2.7.1",
      "resolved": "https://registry.npmjs.org/umtrack-wx/-/umtrack-wx-2.7.1.tgz",
      "integrity": "sha512-ZQ7N/NOWhuk521C4kPfbQTiWFryjlJiBb17OuLQz3ZgXGnYv81Zif7dzgTX0ia6u1+YCOnDQj/1jMnihW2YJxA=="
    },
    "node_modules/weui-miniprogram": {
      "version": "1.0.8",
      "resolved": "https://registry.npmjs.org/weui-miniprogram/-/weui-miniprogram-1.0.8.tgz",
      "integrity": "sha512-fm9Hi/3s2Imp2xufuxBcbzYxIcrVt0gPMIdjHfuIFA0Fxiukztc+c2nyFspmkI9YkrdHM1o2h6qsStdK+wFhWQ=="
    }
  },
  "dependencies": {
    "umtrack-wx": {
      "version": "2.7.1",
      "resolved": "https://registry.npmjs.org/umtrack-wx/-/umtrack-wx-2.7.1.tgz",
      "integrity": "sha512-ZQ7N/NOWhuk521C4kPfbQTiWFryjlJiBb17OuLQz3ZgXGnYv81Zif7dzgTX0ia6u1+YCOnDQj/1jMnihW2YJxA=="
    },
    "weui-miniprogram": {
      "version": "1.0.8",
      "resolved": "https://registry.npmjs.org/weui-miniprogram/-/weui-miniprogram-1.0.8.tgz",
      "integrity": "sha512-fm9Hi/3s2Imp2xufuxBcbzYxIcrVt0gPMIdjHfuIFA0Fxiukztc+c2nyFspmkI9YkrdHM1o2h6qsStdK+wFhWQ=="
    }
  }
}
